{
  "requires": true,
  "lockfileVersion": 1,
  "dependencies": {
    "chunks-2-json-webpack-plugin": {
      "version": "1.0.4",
      "resolved": "https://registry.npmjs.org/chunks-2-json-webpack-plugin/-/chunks-2-json-webpack-plugin-1.0.4.tgz",
      "integrity": "sha512-hQ5y/AUbKUszhJa2ag60V9VR+Zxs0Ub3Z+7u6udjkka4Q36LJ4+KKYbIOq2hAzwjvafhRanpNAPQgvIbE/gWaw=="
    }
  }
}
